
Microsoft Visual Studio Solution File, Format Version 12.00
# Visual Studio 15
VisualStudioVersion = 15.0.28307.136
MinimumVisualStudioVersion = 10.0.40219.1
Project("{FAE04EC0-301F-11D3-BF4B-00C04F79EFBC}") = "ShoppingCart", "ShoppingCart\ShoppingCart.csproj", "{C0323B76-C28A-4CFC-BF16-91FFE67C558D}"
EndProject
Global
	GlobalSection(SolutionConfigurationPlatforms) = preSolution
		Debug|Any CPU = Debug|Any CPU
		Release|Any CPU = Release|Any CPU
	EndGlobalSection
	GlobalSection(ProjectConfigurationPlatforms) = postSolution
		{C0323B76-C28A-4CFC-BF16-91FFE67C558D}.Debug|Any CPU.ActiveCfg = Debug|Any CPU
		{C0323B76-C28A-4CFC-BF16-91FFE67C558D}.Debug|Any CPU.Build.0 = Debug|Any CPU
		{C0323B76-C28A-4CFC-BF16-91FFE67C558D}.Release|Any CPU.ActiveCfg = Release|Any CPU
		{C0323B76-C28A-4CFC-BF16-91FFE67C558D}.Release|Any CPU.Build.0 = Release|Any CPU
	EndGlobalSection
	GlobalSection(SolutionProperties) = preSolution
		HideSolutionNode = FALSE
	EndGlobalSection
	GlobalSection(ExtensibilityGlobals) = postSolution
		SolutionGuid = {880F1FE0-9B02-4C03-BA91-2595128FE234}
	EndGlobalSection
EndGlobal
